
Microsoft Visual Studio Solution File, Format Version 12.00
# Visual Studio Version 16
VisualStudioVersion = 16.0.28803.202
MinimumVisualStudioVersion = 10.0.40219.1
Project("{FAE04EC0-301F-11D3-BF4B-00C04F79EFBC}") = "osu2kshoot", "osu2kshoot\osu2kshoot.csproj", "{80F2FDD9-000E-4E2E-8CA7-2C2EE062D321}"
EndProject
Global
	GlobalSection(SolutionConfigurationPlatforms) = preSolution
		Debug|Any CPU = Debug|Any CPU
		Release|Any CPU = Release|Any CPU
	EndGlobalSection
	GlobalSection(ProjectConfigurationPlatforms) = postSolution
		{80F2FDD9-000E-4E2E-8CA7-2C2EE062D321}.Debug|Any CPU.ActiveCfg = Debug|Any CPU
		{80F2FDD9-000E-4E2E-8CA7-2C2EE062D321}.Debug|Any CPU.Build.0 = Debug|Any CPU
		{80F2FDD9-000E-4E2E-8CA7-2C2EE062D321}.Release|Any CPU.ActiveCfg = Release|Any CPU
		{80F2FDD9-000E-4E2E-8CA7-2C2EE062D321}.Release|Any CPU.Build.0 = Release|Any CPU
	EndGlobalSection
	GlobalSection(SolutionProperties) = preSolution
		HideSolutionNode = FALSE
	EndGlobalSection
	GlobalSection(ExtensibilityGlobals) = postSolution
		SolutionGuid = {015FE8FC-04A1-4ACE-B5E1-48150C1345F3}
	EndGlobalSection
EndGlobal
